
Microsoft Visual Studio Solution File, Format Version 12.00
# Visual Studio Version 17
VisualStudioVersion = 17.1.32319.34
MinimumVisualStudioVersion = 10.0.40219.1
Project("{2150E333-8FDC-42A3-9474-1A3956D46DE8}") = "Services", "Services", "{B697D4BD-A088-4772-B020-CC2E18E792B0}"
EndProject
Project("{2150E333-8FDC-42A3-9474-1A3956D46DE8}") = "Catalog", "Catalog", "{FAE06274-615D-429A-81CD-CEE302E4FEEF}"
EndProject
Project("{9A19103F-16F7-4668-BE54-9A1E7A4F7556}") = "Catalog.API", "Services\Catalog\Catalog.API\Catalog.API.csproj", "{A9DE9D86-3C10-430E-9E9C-B3F1D2430DF0}"
EndProject
Project("{E53339B2-1760-4266-BCC7-CA923CBCF16C}") = "docker-compose", "docker-compose.dcproj", "{C8B8500A-6D63-4C75-B9DC-D79CB70B498D}"
EndProject
Project("{2150E333-8FDC-42A3-9474-1A3956D46DE8}") = "Basket", "Basket", "{1D18018B-EC25-4446-BA94-676BFF8232B7}"
EndProject
Project("{9A19103F-16F7-4668-BE54-9A1E7A4F7556}") = "Basket.API", "Services\Basket\Basket.API\Basket.API.csproj", "{36CC7D76-C723-4619-9D80-2AA2067FCB70}"
EndProject
Project("{2150E333-8FDC-42A3-9474-1A3956D46DE8}") = "Discound", "Discound", "{7293C830-58A7-4BAF-A641-CDF3D70F721E}"
EndProject
Project("{9A19103F-16F7-4668-BE54-9A1E7A4F7556}") = "Discount.API", "Services\Discount\Discount.API\Discount.API.csproj", "{9C27D3FE-2D9A-4B9F-A7E7-FC8F7758C714}"
EndProject
Project("{9A19103F-16F7-4668-BE54-9A1E7A4F7556}") = "Discount.Grpc", "Services\Discount\Discount.Grpc\Discount.Grpc.csproj", "{296B1161-D75D-4744-B395-188E20A83356}"
EndProject
Project("{2150E333-8FDC-42A3-9474-1A3956D46DE8}") = "Ordering", "Ordering", "{A224614D-7847-4C3C-BCA7-176374635456}"
EndProject
Project("{9A19103F-16F7-4668-BE54-9A1E7A4F7556}") = "Ordering.API", "Services\Ordering\Ordering.API\Ordering.API.csproj", "{161A8217-FFA4-4CFE-90CF-AFF4B5EBD3D2}"
EndProject
Project("{9A19103F-16F7-4668-BE54-9A1E7A4F7556}") = "Orderin.Application", "Services\Ordering\Ordering.Application\Orderin.Application.csproj", "{4F9B4BD7-D978-4B63-B247-ADD618DFA1AA}"
EndProject
Project("{9A19103F-16F7-4668-BE54-9A1E7A4F7556}") = "Ordering.Domain", "Services\Ordering\Ordering.Domain\Ordering.Domain.csproj", "{12B571A9-6EAE-442D-91A0-1DFC7842F6C8}"
EndProject
Project("{9A19103F-16F7-4668-BE54-9A1E7A4F7556}") = "Ordering.Infrastructure", "Services\Ordering\Ordering.Infrastructure\Ordering.Infrastructure.csproj", "{2B555D9C-901C-4040-97C1-8544FE3E7238}"
EndProject
Project("{2150E333-8FDC-42A3-9474-1A3956D46DE8}") = "BuildingBlocks", "BuildingBlocks", "{1D80EC01-1C51-4FCF-A334-33B26FCBE5C4}"
EndProject
Project("{FAE04EC0-301F-11D3-BF4B-00C04F79EFBC}") = "EventBus.Messages", "BuildingBlocks\EventBus.Messages\EventBus.Messages.csproj", "{105BFF60-9886-4FF3-8FA8-43A1B238C1C5}"
EndProject
Global
	GlobalSection(SolutionConfigurationPlatforms) = preSolution
		Debug|Any CPU = Debug|Any CPU
		Release|Any CPU = Release|Any CPU
	EndGlobalSection
	GlobalSection(ProjectConfigurationPlatforms) = postSolution
		{A9DE9D86-3C10-430E-9E9C-B3F1D2430DF0}.Debug|Any CPU.ActiveCfg = Debug|Any CPU
		{A9DE9D86-3C10-430E-9E9C-B3F1D2430DF0}.Debug|Any CPU.Build.0 = Debug|Any CPU
		{A9DE9D86-3C10-430E-9E9C-B3F1D2430DF0}.Release|Any CPU.ActiveCfg = Release|Any CPU
		{A9DE9D86-3C10-430E-9E9C-B3F1D2430DF0}.Release|Any CPU.Build.0 = Release|Any CPU
		{C8B8500A-6D63-4C75-B9DC-D79CB70B498D}.Debug|Any CPU.ActiveCfg = Debug|Any CPU
		{C8B8500A-6D63-4C75-B9DC-D79CB70B498D}.Debug|Any CPU.Build.0 = Debug|Any CPU
		{C8B8500A-6D63-4C75-B9DC-D79CB70B498D}.Release|Any CPU.ActiveCfg = Release|Any CPU
		{C8B8500A-6D63-4C75-B9DC-D79CB70B498D}.Release|Any CPU.Build.0 = Release|Any CPU
		{36CC7D76-C723-4619-9D80-2AA2067FCB70}.Debug|Any CPU.ActiveCfg = Debug|Any CPU
		{36CC7D76-C723-4619-9D80-2AA2067FCB70}.Debug|Any CPU.Build.0 = Debug|Any CPU
		{36CC7D76-C723-4619-9D80-2AA2067FCB70}.Release|Any CPU.ActiveCfg = Release|Any CPU
		{36CC7D76-C723-4619-9D80-2AA2067FCB70}.Release|Any CPU.Build.0 = Release|Any CPU
		{9C27D3FE-2D9A-4B9F-A7E7-FC8F7758C714}.Debug|Any CPU.ActiveCfg = Debug|Any CPU
		{9C27D3FE-2D9A-4B9F-A7E7-FC8F7758C714}.Debug|Any CPU.Build.0 = Debug|Any CPU
		{9C27D3FE-2D9A-4B9F-A7E7-FC8F7758C714}.Release|Any CPU.ActiveCfg = Release|Any CPU
		{9C27D3FE-2D9A-4B9F-A7E7-FC8F7758C714}.Release|Any CPU.Build.0 = Release|Any CPU
		{296B1161-D75D-4744-B395-188E20A83356}.Debug|Any CPU.ActiveCfg = Debug|Any CPU
		{296B1161-D75D-4744-B395-188E20A83356}.Debug|Any CPU.Build.0 = Debug|Any CPU
		{296B1161-D75D-4744-B395-188E20A83356}.Release|Any CPU.ActiveCfg = Release|Any CPU
		{296B1161-D75D-4744-B395-188E20A83356}.Release|Any CPU.Build.0 = Release|Any CPU
		{161A8217-FFA4-4CFE-90CF-AFF4B5EBD3D2}.Debug|Any CPU.ActiveCfg = Debug|Any CPU
		{161A8217-FFA4-4CFE-90CF-AFF4B5EBD3D2}.Debug|Any CPU.Build.0 = Debug|Any CPU
		{161A8217-FFA4-4CFE-90CF-AFF4B5EBD3D2}.Release|Any CPU.ActiveCfg = Release|Any CPU
		{161A8217-FFA4-4CFE-90CF-AFF4B5EBD3D2}.Release|Any CPU.Build.0 = Release|Any CPU
		{4F9B4BD7-D978-4B63-B247-ADD618DFA1AA}.Debug|Any CPU.ActiveCfg = Debug|Any CPU
		{4F9B4BD7-D978-4B63-B247-ADD618DFA1AA}.Debug|Any CPU.Build.0 = Debug|Any CPU
		{4F9B4BD7-D978-4B63-B247-ADD618DFA1AA}.Release|Any CPU.ActiveCfg = Release|Any CPU
		{4F9B4BD7-D978-4B63-B247-ADD618DFA1AA}.Release|Any CPU.Build.0 = Release|Any CPU
		{12B571A9-6EAE-442D-91A0-1DFC7842F6C8}.Debug|Any CPU.ActiveCfg = Debug|Any CPU
		{12B571A9-6EAE-442D-91A0-1DFC7842F6C8}.Debug|Any CPU.Build.0 = Debug|Any CPU
		{12B571A9-6EAE-442D-91A0-1DFC7842F6C8}.Release|Any CPU.ActiveCfg = Release|Any CPU
		{12B571A9-6EAE-442D-91A0-1DFC7842F6C8}.Release|Any CPU.Build.0 = Release|Any CPU
		{2B555D9C-901C-4040-97C1-8544FE3E7238}.Debug|Any CPU.ActiveCfg = Debug|Any CPU
		{2B555D9C-901C-4040-97C1-8544FE3E7238}.Debug|Any CPU.Build.0 = Debug|Any CPU
		{2B555D9C-901C-4040-97C1-8544FE3E7238}.Release|Any CPU.ActiveCfg = Release|Any CPU
		{2B555D9C-901C-4040-97C1-8544FE3E7238}.Release|Any CPU.Build.0 = Release|Any CPU
		{105BFF60-9886-4FF3-8FA8-43A1B238C1C5}.Debug|Any CPU.ActiveCfg = Debug|Any CPU
		{105BFF60-9886-4FF3-8FA8-43A1B238C1C5}.Debug|Any CPU.Build.0 = Debug|Any CPU
		{105BFF60-9886-4FF3-8FA8-43A1B238C1C5}.Release|Any CPU.ActiveCfg = Release|Any CPU
		{105BFF60-9886-4FF3-8FA8-43A1B238C1C5}.Release|Any CPU.Build.0 = Release|Any CPU
	EndGlobalSection
	GlobalSection(SolutionProperties) = preSolution
		HideSolutionNode = FALSE
	EndGlobalSection
	GlobalSection(NestedProjects) = preSolution
		{FAE06274-615D-429A-81CD-CEE302E4FEEF} = {B697D4BD-A088-4772-B020-CC2E18E792B0}
		{A9DE9D86-3C10-430E-9E9C-B3F1D2430DF0} = {FAE06274-615D-429A-81CD-CEE302E4FEEF}
		{1D18018B-EC25-4446-BA94-676BFF8232B7} = {B697D4BD-A088-4772-B020-CC2E18E792B0}
		{36CC7D76-C723-4619-9D80-2AA2067FCB70} = {1D18018B-EC25-4446-BA94-676BFF8232B7}
		{7293C830-58A7-4BAF-A641-CDF3D70F721E} = {B697D4BD-A088-4772-B020-CC2E18E792B0}
		{9C27D3FE-2D9A-4B9F-A7E7-FC8F7758C714} = {7293C830-58A7-4BAF-A641-CDF3D70F721E}
		{296B1161-D75D-4744-B395-188E20A83356} = {7293C830-58A7-4BAF-A641-CDF3D70F721E}
		{A224614D-7847-4C3C-BCA7-176374635456} = {B697D4BD-A088-4772-B020-CC2E18E792B0}
		{161A8217-FFA4-4CFE-90CF-AFF4B5EBD3D2} = {A224614D-7847-4C3C-BCA7-176374635456}
		{4F9B4BD7-D978-4B63-B247-ADD618DFA1AA} = {A224614D-7847-4C3C-BCA7-176374635456}
		{12B571A9-6EAE-442D-91A0-1DFC7842F6C8} = {A224614D-7847-4C3C-BCA7-176374635456}
		{2B555D9C-901C-4040-97C1-8544FE3E7238} = {A224614D-7847-4C3C-BCA7-176374635456}
		{105BFF60-9886-4FF3-8FA8-43A1B238C1C5} = {1D80EC01-1C51-4FCF-A334-33B26FCBE5C4}
	EndGlobalSection
	GlobalSection(ExtensibilityGlobals) = postSolution
		SolutionGuid = {CDC5679E-085B-475D-98F6-1081A1AE0B99}
	EndGlobalSection
EndGlobal
